
Microsoft Visual Studio Solution File, Format Version 12.00
# Visual Studio Version 17
VisualStudioVersion = 17.10.35201.131
MinimumVisualStudioVersion = 10.0.40219.1
Project("{2150E333-8FDC-42A3-9474-1A3956D46DE8}") = "Redis", "Redis", "{6E98506E-33F5-49EE-B430-1AF5E3560C50}"
EndProject
Project("{9A19103F-16F7-4668-BE54-9A1E7A4F7556}") = "RedisPlay.Console1", "RedisPlay.Console1\RedisPlay.Console1.csproj", "{996501B0-0CC4-4E4A-9F4A-6657CE9E327F}"
EndProject
Project("{2150E333-8FDC-42A3-9474-1A3956D46DE8}") = "Helpers", "Helpers", "{385EE76F-8DDA-4A85-873B-8C41CDB276E2}"
EndProject
Project("{2150E333-8FDC-42A3-9474-1A3956D46DE8}") = "CSV", "CSV", "{2236B2E1-1AB0-40B3-ADB0-FE9429054958}"
EndProject
Project("{9A19103F-16F7-4668-BE54-9A1E7A4F7556}") = "Helpers.CSV", "Helpers.CSV\Helpers.CSV.csproj", "{0FADA1E4-70C6-4A15-87BD-7BE30DFD8B4B}"
EndProject
Project("{2150E333-8FDC-42A3-9474-1A3956D46DE8}") = "Vault", "Vault", "{5B5343DA-9D5B-4C0C-BB46-ADF59F053067}"
EndProject
Project("{9A19103F-16F7-4668-BE54-9A1E7A4F7556}") = "Valuts.Azure.Console1", "Valuts.Azure.Console1\Valuts.Azure.Console1.csproj", "{457FCDD9-840E-4ABA-A7A6-88C60517EA07}"
EndProject
Project("{FAE04EC0-301F-11D3-BF4B-00C04F79EFBC}") = "Vault.Azure.Utils", "Vault.Azure.Utils\Vault.Azure.Utils.csproj", "{13A28132-BAEA-4FFE-BC45-13CABF170FE5}"
EndProject
Global
	GlobalSection(SolutionConfigurationPlatforms) = preSolution
		Debug|Any CPU = Debug|Any CPU
		Release|Any CPU = Release|Any CPU
	EndGlobalSection
	GlobalSection(ProjectConfigurationPlatforms) = postSolution
		{996501B0-0CC4-4E4A-9F4A-6657CE9E327F}.Debug|Any CPU.ActiveCfg = Debug|Any CPU
		{996501B0-0CC4-4E4A-9F4A-6657CE9E327F}.Debug|Any CPU.Build.0 = Debug|Any CPU
		{996501B0-0CC4-4E4A-9F4A-6657CE9E327F}.Release|Any CPU.ActiveCfg = Release|Any CPU
		{996501B0-0CC4-4E4A-9F4A-6657CE9E327F}.Release|Any CPU.Build.0 = Release|Any CPU
		{0FADA1E4-70C6-4A15-87BD-7BE30DFD8B4B}.Debug|Any CPU.ActiveCfg = Debug|Any CPU
		{0FADA1E4-70C6-4A15-87BD-7BE30DFD8B4B}.Debug|Any CPU.Build.0 = Debug|Any CPU
		{0FADA1E4-70C6-4A15-87BD-7BE30DFD8B4B}.Release|Any CPU.ActiveCfg = Release|Any CPU
		{0FADA1E4-70C6-4A15-87BD-7BE30DFD8B4B}.Release|Any CPU.Build.0 = Release|Any CPU
		{457FCDD9-840E-4ABA-A7A6-88C60517EA07}.Debug|Any CPU.ActiveCfg = Debug|Any CPU
		{457FCDD9-840E-4ABA-A7A6-88C60517EA07}.Debug|Any CPU.Build.0 = Debug|Any CPU
		{457FCDD9-840E-4ABA-A7A6-88C60517EA07}.Release|Any CPU.ActiveCfg = Release|Any CPU
		{457FCDD9-840E-4ABA-A7A6-88C60517EA07}.Release|Any CPU.Build.0 = Release|Any CPU
		{13A28132-BAEA-4FFE-BC45-13CABF170FE5}.Debug|Any CPU.ActiveCfg = Debug|Any CPU
		{13A28132-BAEA-4FFE-BC45-13CABF170FE5}.Debug|Any CPU.Build.0 = Debug|Any CPU
		{13A28132-BAEA-4FFE-BC45-13CABF170FE5}.Release|Any CPU.ActiveCfg = Release|Any CPU
		{13A28132-BAEA-4FFE-BC45-13CABF170FE5}.Release|Any CPU.Build.0 = Release|Any CPU
	EndGlobalSection
	GlobalSection(SolutionProperties) = preSolution
		HideSolutionNode = FALSE
	EndGlobalSection
	GlobalSection(NestedProjects) = preSolution
		{996501B0-0CC4-4E4A-9F4A-6657CE9E327F} = {6E98506E-33F5-49EE-B430-1AF5E3560C50}
		{2236B2E1-1AB0-40B3-ADB0-FE9429054958} = {385EE76F-8DDA-4A85-873B-8C41CDB276E2}
		{0FADA1E4-70C6-4A15-87BD-7BE30DFD8B4B} = {2236B2E1-1AB0-40B3-ADB0-FE9429054958}
		{457FCDD9-840E-4ABA-A7A6-88C60517EA07} = {5B5343DA-9D5B-4C0C-BB46-ADF59F053067}
		{13A28132-BAEA-4FFE-BC45-13CABF170FE5} = {5B5343DA-9D5B-4C0C-BB46-ADF59F053067}
	EndGlobalSection
	GlobalSection(ExtensibilityGlobals) = postSolution
		SolutionGuid = {E45B4669-B759-4EBF-81D9-D6FADFB1DBFA}
	EndGlobalSection
EndGlobal
