
Microsoft Visual Studio Solution File, Format Version 12.00
# Visual Studio Version 17
VisualStudioVersion = 17.10.35201.131
MinimumVisualStudioVersion = 10.0.40219.1
Project("{2150E333-8FDC-42A3-9474-1A3956D46DE8}") = "Redis", "Redis", "{6E98506E-33F5-49EE-B430-1AF5E3560C50}"
EndProject
Project("{9A19103F-16F7-4668-BE54-9A1E7A4F7556}") = "RedisPlay.Console1", "RedisPlay.Console1\RedisPlay.Console1.csproj", "{996501B0-0CC4-4E4A-9F4A-6657CE9E327F}"
EndProject
Project("{2150E333-8FDC-42A3-9474-1A3956D46DE8}") = "Helpers", "Helpers", "{385EE76F-8DDA-4A85-873B-8C41CDB276E2}"
EndProject
Project("{2150E333-8FDC-42A3-9474-1A3956D46DE8}") = "CSV", "CSV", "{2236B2E1-1AB0-40B3-ADB0-FE9429054958}"
EndProject
Project("{9A19103F-16F7-4668-BE54-9A1E7A4F7556}") = "Helpers.CSV", "Helpers.CSV\Helpers.CSV.csproj", "{0FADA1E4-70C6-4A15-87BD-7BE30DFD8B4B}"
EndProject
Project("{2150E333-8FDC-42A3-9474-1A3956D46DE8}") = "Vault", "Vault", "{5B5343DA-9D5B-4C0C-BB46-ADF59F053067}"
EndProject
Project("{9A19103F-16F7-4668-BE54-9A1E7A4F7556}") = "Valuts.Azure.Console1", "Valuts.Azure.Console1\Valuts.Azure.Console1.csproj", "{457FCDD9-840E-4ABA-A7A6-88C60517EA07}"
EndProject
Project("{9A19103F-16F7-4668-BE54-9A1E7A4F7556}") = "Vault.Azure.Utils", "Vault.Azure.Utils\Vault.Azure.Utils.csproj", "{13A28132-BAEA-4FFE-BC45-13CABF170FE5}"
EndProject
Project("{2150E333-8FDC-42A3-9474-1A3956D46DE8}") = "Language", "Language", "{D5B60A6B-C95A-433A-853D-EB644DA2AF20}"
EndProject
Project("{FAE04EC0-301F-11D3-BF4B-00C04F79EFBC}") = "Language.LinqPlayground", "Language.LinqPlayground\Language.LinqPlayground.csproj", "{E8E86EDD-4FB9-445F-BE88-619520641C64}"
EndProject
Project("{2150E333-8FDC-42A3-9474-1A3956D46DE8}") = "Eventstore", "Eventstore", "{9DB62F9D-62DA-464C-B6F8-903158B7A6A6}"
EndProject
Project("{2150E333-8FDC-42A3-9474-1A3956D46DE8}") = "Masstransits", "Masstransits", "{02EA681E-C7D8-13C7-8484-4AC65E1B71E8}"
EndProject
Project("{FAE04EC0-301F-11D3-BF4B-00C04F79EFBC}") = "Masstransits.Setup", "Masstransits.GettingStarted\Masstransits.Setup.csproj", "{FC0FFEB0-0768-C89B-F041-130BF5855365}"
EndProject
Project("{FAE04EC0-301F-11D3-BF4B-00C04F79EFBC}") = "Masstransits.Consumer", "Masstransits.Consumer\Masstransits.Consumer.csproj", "{73369698-40B9-4309-B11E-E577695F2AB1}"
EndProject
Project("{FAE04EC0-301F-11D3-BF4B-00C04F79EFBC}") = "Masstransits.Harness.Test", "Masstransits.Harness.Test\Masstransits.Harness.Test.csproj", "{C047A02F-32BC-4863-82CA-059DF3FB0A50}"
EndProject
Project("{FAE04EC0-301F-11D3-BF4B-00C04F79EFBC}") = "EventStore.Tests.Integration", "EventStore.Tests.Integration\EventStore.Tests.Integration.csproj", "{9EDC3638-A02E-454C-94B1-ECC85676CC44}"
EndProject
Project("{FAE04EC0-301F-11D3-BF4B-00C04F79EFBC}") = "EventStore.Application", "EventStore.Application\EventStore.Application.csproj", "{B8A11DCE-B7F4-4DF4-A3FB-6DF3DFAEDC43}"
EndProject
Global
	GlobalSection(SolutionConfigurationPlatforms) = preSolution
		Debug|Any CPU = Debug|Any CPU
		Release|Any CPU = Release|Any CPU
	EndGlobalSection
	GlobalSection(ProjectConfigurationPlatforms) = postSolution
		{996501B0-0CC4-4E4A-9F4A-6657CE9E327F}.Debug|Any CPU.ActiveCfg = Debug|Any CPU
		{996501B0-0CC4-4E4A-9F4A-6657CE9E327F}.Debug|Any CPU.Build.0 = Debug|Any CPU
		{996501B0-0CC4-4E4A-9F4A-6657CE9E327F}.Release|Any CPU.ActiveCfg = Release|Any CPU
		{996501B0-0CC4-4E4A-9F4A-6657CE9E327F}.Release|Any CPU.Build.0 = Release|Any CPU
		{0FADA1E4-70C6-4A15-87BD-7BE30DFD8B4B}.Debug|Any CPU.ActiveCfg = Debug|Any CPU
		{0FADA1E4-70C6-4A15-87BD-7BE30DFD8B4B}.Debug|Any CPU.Build.0 = Debug|Any CPU
		{0FADA1E4-70C6-4A15-87BD-7BE30DFD8B4B}.Release|Any CPU.ActiveCfg = Release|Any CPU
		{0FADA1E4-70C6-4A15-87BD-7BE30DFD8B4B}.Release|Any CPU.Build.0 = Release|Any CPU
		{457FCDD9-840E-4ABA-A7A6-88C60517EA07}.Debug|Any CPU.ActiveCfg = Debug|Any CPU
		{457FCDD9-840E-4ABA-A7A6-88C60517EA07}.Debug|Any CPU.Build.0 = Debug|Any CPU
		{457FCDD9-840E-4ABA-A7A6-88C60517EA07}.Release|Any CPU.ActiveCfg = Release|Any CPU
		{457FCDD9-840E-4ABA-A7A6-88C60517EA07}.Release|Any CPU.Build.0 = Release|Any CPU
		{13A28132-BAEA-4FFE-BC45-13CABF170FE5}.Debug|Any CPU.ActiveCfg = Debug|Any CPU
		{13A28132-BAEA-4FFE-BC45-13CABF170FE5}.Debug|Any CPU.Build.0 = Debug|Any CPU
		{13A28132-BAEA-4FFE-BC45-13CABF170FE5}.Release|Any CPU.ActiveCfg = Release|Any CPU
		{13A28132-BAEA-4FFE-BC45-13CABF170FE5}.Release|Any CPU.Build.0 = Release|Any CPU
		{E8E86EDD-4FB9-445F-BE88-619520641C64}.Debug|Any CPU.ActiveCfg = Debug|Any CPU
		{E8E86EDD-4FB9-445F-BE88-619520641C64}.Debug|Any CPU.Build.0 = Debug|Any CPU
		{E8E86EDD-4FB9-445F-BE88-619520641C64}.Release|Any CPU.ActiveCfg = Release|Any CPU
		{E8E86EDD-4FB9-445F-BE88-619520641C64}.Release|Any CPU.Build.0 = Release|Any CPU
		{FC0FFEB0-0768-C89B-F041-130BF5855365}.Debug|Any CPU.ActiveCfg = Debug|Any CPU
		{FC0FFEB0-0768-C89B-F041-130BF5855365}.Debug|Any CPU.Build.0 = Debug|Any CPU
		{FC0FFEB0-0768-C89B-F041-130BF5855365}.Release|Any CPU.ActiveCfg = Release|Any CPU
		{FC0FFEB0-0768-C89B-F041-130BF5855365}.Release|Any CPU.Build.0 = Release|Any CPU
		{73369698-40B9-4309-B11E-E577695F2AB1}.Debug|Any CPU.ActiveCfg = Debug|Any CPU
		{73369698-40B9-4309-B11E-E577695F2AB1}.Debug|Any CPU.Build.0 = Debug|Any CPU
		{73369698-40B9-4309-B11E-E577695F2AB1}.Release|Any CPU.ActiveCfg = Release|Any CPU
		{73369698-40B9-4309-B11E-E577695F2AB1}.Release|Any CPU.Build.0 = Release|Any CPU
		{C047A02F-32BC-4863-82CA-059DF3FB0A50}.Debug|Any CPU.ActiveCfg = Debug|Any CPU
		{C047A02F-32BC-4863-82CA-059DF3FB0A50}.Debug|Any CPU.Build.0 = Debug|Any CPU
		{C047A02F-32BC-4863-82CA-059DF3FB0A50}.Release|Any CPU.ActiveCfg = Release|Any CPU
		{C047A02F-32BC-4863-82CA-059DF3FB0A50}.Release|Any CPU.Build.0 = Release|Any CPU
		{9EDC3638-A02E-454C-94B1-ECC85676CC44}.Debug|Any CPU.ActiveCfg = Debug|Any CPU
		{9EDC3638-A02E-454C-94B1-ECC85676CC44}.Debug|Any CPU.Build.0 = Debug|Any CPU
		{9EDC3638-A02E-454C-94B1-ECC85676CC44}.Release|Any CPU.ActiveCfg = Release|Any CPU
		{9EDC3638-A02E-454C-94B1-ECC85676CC44}.Release|Any CPU.Build.0 = Release|Any CPU
		{B8A11DCE-B7F4-4DF4-A3FB-6DF3DFAEDC43}.Debug|Any CPU.ActiveCfg = Debug|Any CPU
		{B8A11DCE-B7F4-4DF4-A3FB-6DF3DFAEDC43}.Debug|Any CPU.Build.0 = Debug|Any CPU
		{B8A11DCE-B7F4-4DF4-A3FB-6DF3DFAEDC43}.Release|Any CPU.ActiveCfg = Release|Any CPU
		{B8A11DCE-B7F4-4DF4-A3FB-6DF3DFAEDC43}.Release|Any CPU.Build.0 = Release|Any CPU
	EndGlobalSection
	GlobalSection(SolutionProperties) = preSolution
		HideSolutionNode = FALSE
	EndGlobalSection
	GlobalSection(NestedProjects) = preSolution
		{996501B0-0CC4-4E4A-9F4A-6657CE9E327F} = {6E98506E-33F5-49EE-B430-1AF5E3560C50}
		{2236B2E1-1AB0-40B3-ADB0-FE9429054958} = {385EE76F-8DDA-4A85-873B-8C41CDB276E2}
		{0FADA1E4-70C6-4A15-87BD-7BE30DFD8B4B} = {2236B2E1-1AB0-40B3-ADB0-FE9429054958}
		{457FCDD9-840E-4ABA-A7A6-88C60517EA07} = {5B5343DA-9D5B-4C0C-BB46-ADF59F053067}
		{13A28132-BAEA-4FFE-BC45-13CABF170FE5} = {5B5343DA-9D5B-4C0C-BB46-ADF59F053067}
		{FC0FFEB0-0768-C89B-F041-130BF5855365} = {02EA681E-C7D8-13C7-8484-4AC65E1B71E8}
		{73369698-40B9-4309-B11E-E577695F2AB1} = {02EA681E-C7D8-13C7-8484-4AC65E1B71E8}
		{C047A02F-32BC-4863-82CA-059DF3FB0A50} = {02EA681E-C7D8-13C7-8484-4AC65E1B71E8}
		{9EDC3638-A02E-454C-94B1-ECC85676CC44} = {9DB62F9D-62DA-464C-B6F8-903158B7A6A6}
		{B8A11DCE-B7F4-4DF4-A3FB-6DF3DFAEDC43} = {9DB62F9D-62DA-464C-B6F8-903158B7A6A6}
	EndGlobalSection
	GlobalSection(ExtensibilityGlobals) = postSolution
		SolutionGuid = {E45B4669-B759-4EBF-81D9-D6FADFB1DBFA}
	EndGlobalSection
EndGlobal
